PODS:
  - AFNetworking (3.2.1):
    - AFNetworking/NSURLSession (= 3.2.1)
    - AFNetworking/Reachability (= 3.2.1)
    - AFNetworking/Security (= 3.2.1)
    - AFNetworking/Serialization (= 3.2.1)
    - AFNetworking/UIKit (= 3.2.1)
  - AFNetworking/NSURLSession (3.2.1):
    - AFNetworking/Reachability
    - AFNetworking/Security
    - AFNetworking/Serialization
  - AFNetworking/Reachability (3.2.1)
  - AFNetworking/Security (3.2.1)
  - AFNetworking/Serialization (3.2.1)
  - AFNetworking/UIKit (3.2.1):
    - AFNetworking/NSURLSession
  - Kiwi (3.0.0)
  - Quick (2.2.0)
  - SDWebImage (5.5.2):
    - SDWebImage/Core (= 5.5.2)
  - SDWebImage/Core (5.5.2)
  - YYModel (1.0.4)

DEPENDENCIES:
  - AFNetworking
  - Kiwi
  - Quick
  - SDWebImage
  - YYModel

SPEC REPOS:
  https://github.com/CocoaPods/Specs.git:
    - AFNetworking
    - Kiwi
    - Quick
    - SDWebImage
    - YYModel

SPEC CHECKSUMS:
  AFNetworking: b6f891fdfaed196b46c7a83cf209e09697b94057
  Kiwi: fbeafef0f00e4d8f7dcb3420a4930afe70af77f7
  Quick: 7fb19e13be07b5dfb3b90d4f9824c855a11af40e
  SDWebImage: 4d5c027c935438f341ed33dbac53ff9f479922ca
  YYModel: 2a7fdd96aaa4b86a824e26d0c517de8928c04b30

PODFILE CHECKSUM: 7fce3584f644367fb6bbc6b6a6bb79b61b7329d6

COCOAPODS: 1.8.4
