// !$*UTF8*$!
{
	archiveVersion = 1;
	classes = {
	};
	objectVersion = 51;
	objects = {

/* Begin PBXBuildFile section */
		6531329A9D9971F2652EF0F4 /* Pods_SimpleShoppingMall.framework in Frameworks */ = {isa = PBXBuildFile; fileRef = 15CEFE86974E3782680C17E1 /* Pods_SimpleShoppingMall.framework */; };
		9A3AF57032497CEA5CED86CE /* Pods_SimpleShoppingMallTests.framework in Frameworks */ = {isa = PBXBuildFile; fileRef = A7C383A9561F6EDA197B5ED8 /* Pods_SimpleShoppingMallTests.framework */; };
		BEAA6F98242B8D5B00211793 /* AppDelegate.m in Sources */ = {isa = PBXBuildFile; fileRef = BEAA6F97242B8D5B00211793 /* AppDelegate.m */; };
		BEAA6F9E242B8D5B00211793 /* FirstViewController.m in Sources */ = {isa = PBXBuildFile; fileRef = BEAA6F9D242B8D5B00211793 /* FirstViewController.m */; };
		BEAA6FA1242B8D5B00211793 /* SecondViewController.m in Sources */ = {isa = PBXBuildFile; fileRef = BEAA6FA0242B8D5B00211793 /* SecondViewController.m */; };
		BEAA6FA4242B8D5B00211793 /* Main.storyboard in Resources */ = {isa = PBXBuildFile; fileRef = BEAA6FA2242B8D5B00211793 /* Main.storyboard */; };
		BEAA6FA6242B8D5E00211793 /* Assets.xcassets in Resources */ = {isa = PBXBuildFile; fileRef = BEAA6FA5242B8D5E00211793 /* Assets.xcassets */; };
		BEAA6FA9242B8D5E00211793 /* LaunchScreen.storyboard in Resources */ = {isa = PBXBuildFile; fileRef = BEAA6FA7242B8D5E00211793 /* LaunchScreen.storyboard */; };
		BEAA6FAC242B8D5E00211793 /* main.m in Sources */ = {isa = PBXBuildFile; fileRef = BEAA6FAB242B8D5E00211793 /* main.m */; };
		BEAA6FB6242B8D5E00211793 /* SimpleShoppingMallTests.m in Sources */ = {isa = PBXBuildFile; fileRef = BEAA6FB5242B8D5E00211793 /* SimpleShoppingMallTests.m */; };
		BEAA6FC1242B8D5E00211793 /* SimpleShoppingMallUITests.m in Sources */ = {isa = PBXBuildFile; fileRef = BEAA6FC0242B8D5E00211793 /* SimpleShoppingMallUITests.m */; };
		BEAA6FD0242B96FC00211793 /* MovieViewController.m in Sources */ = {isa = PBXBuildFile; fileRef = BEAA6FCF242B96FC00211793 /* MovieViewController.m */; };
		BEAA6FD5242B9B7300211793 /* HttpClient.m in Sources */ = {isa = PBXBuildFile; fileRef = BEAA6FD4242B9B7200211793 /* HttpClient.m */; };
		EAF8BA26BA68EF789D0623A7 /* Pods_SimpleShoppingMall_SimpleShoppingMallUITests.framework in Frameworks */ = {isa = PBXBuildFile; fileRef = F49DCCA4CC9CB10628874182 /* Pods_SimpleShoppingMall_SimpleShoppingMallUITests.framework */; };
/* End PBXBuildFile section */

/* Begin PBXContainerItemProxy section */
		BEAA6FB2242B8D5E00211793 /* PBXContainerItemProxy */ = {
			isa = PBXContainerItemProxy;
			containerPortal = BEAA6F8B242B8D5B00211793 /* Project object */;
			proxyType = 1;
			remoteGlobalIDString = BEAA6F92242B8D5B00211793;
			remoteInfo = SimpleShoppingMall;
		};
		BEAA6FBD242B8D5E00211793 /* PBXContainerItemProxy */ = {
			isa = PBXContainerItemProxy;
			containerPortal = BEAA6F8B242B8D5B00211793 /* Project object */;
			proxyType = 1;
			remoteGlobalIDString = BEAA6F92242B8D5B00211793;
			remoteInfo = SimpleShoppingMall;
		};
/* End PBXContainerItemProxy section */

/* Begin PBXFileReference section */
		11B39847BC4220612CC5CC10 /* Pods-SimpleShoppingMall-SimpleShoppingMallUITests.release.xcconfig */ = {isa = PBXFileReference; includeInIndex = 1; lastKnownFileType = text.xcconfig; name = "Pods-SimpleShoppingMall-SimpleShoppingMallUITests.release.xcconfig"; path = "Target Support Files/Pods-SimpleShoppingMall-SimpleShoppingMallUITests/Pods-SimpleShoppingMall-SimpleShoppingMallUITests.release.xcconfig"; sourceTree = "<group>"; };
		15CEFE86974E3782680C17E1 /* Pods_SimpleShoppingMall.framework */ = {isa = PBXFileReference; explicitFileType = wrapper.framework; includeInIndex = 0; path = Pods_SimpleShoppingMall.framework; sourceTree = BUILT_PRODUCTS_DIR; };
		2600CFD0E292ECDE3292F231 /* Pods-SimpleShoppingMall.debug.xcconfig */ = {isa = PBXFileReference; includeInIndex = 1; lastKnownFileType = text.xcconfig; name = "Pods-SimpleShoppingMall.debug.xcconfig"; path = "Target Support Files/Pods-SimpleShoppingMall/Pods-SimpleShoppingMall.debug.xcconfig"; sourceTree = "<group>"; };
		62B300AE7F8A4978F7C2E6AC /* Pods-SimpleShoppingMall-SimpleShoppingMallUITests.debug.xcconfig */ = {isa = PBXFileReference; includeInIndex = 1; lastKnownFileType = text.xcconfig; name = "Pods-SimpleShoppingMall-SimpleShoppingMallUITests.debug.xcconfig"; path = "Target Support Files/Pods-SimpleShoppingMall-SimpleShoppingMallUITests/Pods-SimpleShoppingMall-SimpleShoppingMallUITests.debug.xcconfig"; sourceTree = "<group>"; };
		70316C7A51F9322C83C3CF66 /* Pods-SimpleShoppingMall.release.xcconfig */ = {isa = PBXFileReference; includeInIndex = 1; lastKnownFileType = text.xcconfig; name = "Pods-SimpleShoppingMall.release.xcconfig"; path = "Target Support Files/Pods-SimpleShoppingMall/Pods-SimpleShoppingMall.release.xcconfig"; sourceTree = "<group>"; };
		79431C45FB15DA6ECD3596C4 /* Pods-SimpleShoppingMallTests.release.xcconfig */ = {isa = PBXFileReference; includeInIndex = 1; lastKnownFileType = text.xcconfig; name = "Pods-SimpleShoppingMallTests.release.xcconfig"; path = "Target Support Files/Pods-SimpleShoppingMallTests/Pods-SimpleShoppingMallTests.release.xcconfig"; sourceTree = "<group>"; };
		86F973FB80E24240CC836090 /* Pods-SimpleShoppingMallTests.debug.xcconfig */ = {isa = PBXFileReference; includeInIndex = 1; lastKnownFileType = text.xcconfig; name = "Pods-SimpleShoppingMallTests.debug.xcconfig"; path = "Target Support Files/Pods-SimpleShoppingMallTests/Pods-SimpleShoppingMallTests.debug.xcconfig"; sourceTree = "<group>"; };
		A7C383A9561F6EDA197B5ED8 /* Pods_SimpleShoppingMallTests.framework */ = {isa = PBXFileReference; explicitFileType = wrapper.framework; includeInIndex = 0; path = Pods_SimpleShoppingMallTests.framework; sourceTree = BUILT_PRODUCTS_DIR; };
		BEAA6F93242B8D5B00211793 /* SimpleShoppingMall.app */ = {isa = PBXFileReference; explicitFileType = wrapper.application; includeInIndex = 0; path = SimpleShoppingMall.app; sourceTree = BUILT_PRODUCTS_DIR; };
		BEAA6F96242B8D5B00211793 /* AppDelegate.h */ = {isa = PBXFileReference; lastKnownFileType = sourcecode.c.h; path = AppDelegate.h; sourceTree = "<group>"; };
		BEAA6F97242B8D5B00211793 /* AppDelegate.m */ = {isa = PBXFileReference; lastKnownFileType = sourcecode.c.objc; path = AppDelegate.m; sourceTree = "<group>"; };
		BEAA6F9C242B8D5B00211793 /* FirstViewController.h */ = {isa = PBXFileReference; lastKnownFileType = sourcecode.c.h; path = FirstViewController.h; sourceTree = "<group>"; };
		BEAA6F9D242B8D5B00211793 /* FirstViewController.m */ = {isa = PBXFileReference; lastKnownFileType = sourcecode.c.objc; path = FirstViewController.m; sourceTree = "<group>"; };
		BEAA6F9F242B8D5B00211793 /* SecondViewController.h */ = {isa = PBXFileReference; lastKnownFileType = sourcecode.c.h; path = SecondViewController.h; sourceTree = "<group>"; };
		BEAA6FA0242B8D5B00211793 /* SecondViewController.m */ = {isa = PBXFileReference; lastKnownFileType = sourcecode.c.objc; path = SecondViewController.m; sourceTree = "<group>"; };
		BEAA6FA3242B8D5B00211793 /* Base */ = {isa = PBXFileReference; lastKnownFileType = file.storyboard; name = Base; path = Base.lproj/Main.storyboard; sourceTree = "<group>"; };
		BEAA6FA5242B8D5E00211793 /* Assets.xcassets */ = {isa = PBXFileReference; lastKnownFileType = folder.assetcatalog; path = Assets.xcassets; sourceTree = "<group>"; };
		BEAA6FA8242B8D5E00211793 /* Base */ = {isa = PBXFileReference; lastKnownFileType = file.storyboard; name = Base; path = Base.lproj/LaunchScreen.storyboard; sourceTree = "<group>"; };
		BEAA6FAA242B8D5E00211793 /* Info.plist */ = {isa = PBXFileReference; lastKnownFileType = text.plist.xml; path = Info.plist; sourceTree = "<group>"; };
		BEAA6FAB242B8D5E00211793 /* main.m */ = {isa = PBXFileReference; lastKnownFileType = sourcecode.c.objc; path = main.m; sourceTree = "<group>"; };
		BEAA6FB1242B8D5E00211793 /* SimpleShoppingMallTests.xctest */ = {isa = PBXFileReference; explicitFileType = wrapper.cfbundle; includeInIndex = 0; path = SimpleShoppingMallTests.xctest; sourceTree = BUILT_PRODUCTS_DIR; };
		BEAA6FB5242B8D5E00211793 /* SimpleShoppingMallTests.m */ = {isa = PBXFileReference; lastKnownFileType = sourcecode.c.objc; path = SimpleShoppingMallTests.m; sourceTree = "<group>"; };
		BEAA6FB7242B8D5E00211793 /* Info.plist */ = {isa = PBXFileReference; lastKnownFileType = text.plist.xml; path = Info.plist; sourceTree = "<group>"; };
		BEAA6FBC242B8D5E00211793 /* SimpleShoppingMallUITests.xctest */ = {isa = PBXFileReference; explicitFileType = wrapper.cfbundle; includeInIndex = 0; path = SimpleShoppingMallUITests.xctest; sourceTree = BUILT_PRODUCTS_DIR; };
		BEAA6FC0242B8D5E00211793 /* SimpleShoppingMallUITests.m */ = {isa = PBXFileReference; lastKnownFileType = sourcecode.c.objc; path = SimpleShoppingMallUITests.m; sourceTree = "<group>"; };
		BEAA6FC2242B8D5E00211793 /* Info.plist */ = {isa = PBXFileReference; lastKnownFileType = text.plist.xml; path = Info.plist; sourceTree = "<group>"; };
		BEAA6FCE242B96FC00211793 /* MovieViewController.h */ = {isa = PBXFileReference; lastKnownFileType = sourcecode.c.h; path = MovieViewController.h; sourceTree = "<group>"; };
		BEAA6FCF242B96FC00211793 /* MovieViewController.m */ = {isa = PBXFileReference; lastKnownFileType = sourcecode.c.objc; path = MovieViewController.m; sourceTree = "<group>"; };
		BEAA6FD3242B9B7200211793 /* HttpClient.h */ = {isa = PBXFileReference; lastKnownFileType = sourcecode.c.h; path = HttpClient.h; sourceTree = "<group>"; };
		BEAA6FD4242B9B7200211793 /* HttpClient.m */ = {isa = PBXFileReference; lastKnownFileType = sourcecode.c.objc; path = HttpClient.m; sourceTree = "<group>"; };
		BEAA6FD6242B9C5800211793 /* HttpClientProtocol.h */ = {isa = PBXFileReference; lastKnownFileType = sourcecode.c.h; path = HttpClientProtocol.h; sourceTree = "<group>"; };
		F49DCCA4CC9CB10628874182 /* Pods_SimpleShoppingMall_SimpleShoppingMallUITests.framework */ = {isa = PBXFileReference; explicitFileType = wrapper.framework; includeInIndex = 0; path = Pods_SimpleShoppingMall_SimpleShoppingMallUITests.framework; sourceTree = BUILT_PRODUCTS_DIR; };
/* End PBXFileReference section */

/* Begin PBXFrameworksBuildPhase section */
		BEAA6F90242B8D5B00211793 /* Frameworks */ = {
			isa = PBXFrameworksBuildPhase;
			buildActionMask = 2147483647;
			files = (
				6531329A9D9971F2652EF0F4 /* Pods_SimpleShoppingMall.framework in Frameworks */,
			);
			runOnlyForDeploymentPostprocessing = 0;
		};
		BEAA6FAE242B8D5E00211793 /* Frameworks */ = {
			isa = PBXFrameworksBuildPhase;
			buildActionMask = 2147483647;
			files = (
				9A3AF57032497CEA5CED86CE /* Pods_SimpleShoppingMallTests.framework in Frameworks */,
			);
			runOnlyForDeploymentPostprocessing = 0;
		};
		BEAA6FB9242B8D5E00211793 /* Frameworks */ = {
			isa = PBXFrameworksBuildPhase;
			buildActionMask = 2147483647;
			files = (
				EAF8BA26BA68EF789D0623A7 /* Pods_SimpleShoppingMall_SimpleShoppingMallUITests.framework in Frameworks */,
			);
			runOnlyForDeploymentPostprocessing = 0;
		};
/* End PBXFrameworksBuildPhase section */

/* Begin PBXGroup section */
		0A259E6AE3267F6EBF346E99 /* Frameworks */ = {
			isa = PBXGroup;
			children = (
				15CEFE86974E3782680C17E1 /* Pods_SimpleShoppingMall.framework */,
				F49DCCA4CC9CB10628874182 /* Pods_SimpleShoppingMall_SimpleShoppingMallUITests.framework */,
				A7C383A9561F6EDA197B5ED8 /* Pods_SimpleShoppingMallTests.framework */,
			);
			name = Frameworks;
			sourceTree = "<group>";
		};
		7DCC8F1581A15DA84BBE15BF /* Pods */ = {
			isa = PBXGroup;
			children = (
				2600CFD0E292ECDE3292F231 /* Pods-SimpleShoppingMall.debug.xcconfig */,
				70316C7A51F9322C83C3CF66 /* Pods-SimpleShoppingMall.release.xcconfig */,
				62B300AE7F8A4978F7C2E6AC /* Pods-SimpleShoppingMall-SimpleShoppingMallUITests.debug.xcconfig */,
				11B39847BC4220612CC5CC10 /* Pods-SimpleShoppingMall-SimpleShoppingMallUITests.release.xcconfig */,
				86F973FB80E24240CC836090 /* Pods-SimpleShoppingMallTests.debug.xcconfig */,
				79431C45FB15DA6ECD3596C4 /* Pods-SimpleShoppingMallTests.release.xcconfig */,
			);
			path = Pods;
			sourceTree = "<group>";
		};
		BEAA6F8A242B8D5B00211793 = {
			isa = PBXGroup;
			children = (
				BEAA6F95242B8D5B00211793 /* SimpleShoppingMall */,
				BEAA6FB4242B8D5E00211793 /* SimpleShoppingMallTests */,
				BEAA6FBF242B8D5E00211793 /* SimpleShoppingMallUITests */,
				BEAA6F94242B8D5B00211793 /* Products */,
				7DCC8F1581A15DA84BBE15BF /* Pods */,
				0A259E6AE3267F6EBF346E99 /* Frameworks */,
			);
			sourceTree = "<group>";
		};
		BEAA6F94242B8D5B00211793 /* Products */ = {
			isa = PBXGroup;
			children = (
				BEAA6F93242B8D5B00211793 /* SimpleShoppingMall.app */,
				BEAA6FB1242B8D5E00211793 /* SimpleShoppingMallTests.xctest */,
				BEAA6FBC242B8D5E00211793 /* SimpleShoppingMallUITests.xctest */,
			);
			name = Products;
			sourceTree = "<group>";
		};
		BEAA6F95242B8D5B00211793 /* SimpleShoppingMall */ = {
			isa = PBXGroup;
			children = (
				BEAA6FD2242B9B4300211793 /* Network */,
				BEAA6FD1242B99D500211793 /* Movie */,
				BEAA6F96242B8D5B00211793 /* AppDelegate.h */,
				BEAA6F97242B8D5B00211793 /* AppDelegate.m */,
				BEAA6F9C242B8D5B00211793 /* FirstViewController.h */,
				BEAA6F9D242B8D5B00211793 /* FirstViewController.m */,
				BEAA6F9F242B8D5B00211793 /* SecondViewController.h */,
				BEAA6FA0242B8D5B00211793 /* SecondViewController.m */,
				BEAA6FA2242B8D5B00211793 /* Main.storyboard */,
				BEAA6FA5242B8D5E00211793 /* Assets.xcassets */,
				BEAA6FA7242B8D5E00211793 /* LaunchScreen.storyboard */,
				BEAA6FAA242B8D5E00211793 /* Info.plist */,
				BEAA6FAB242B8D5E00211793 /* main.m */,
			);
			path = SimpleShoppingMall;
			sourceTree = "<group>";
		};
		BEAA6FB4242B8D5E00211793 /* SimpleShoppingMallTests */ = {
			isa = PBXGroup;
			children = (
				BEAA6FB5242B8D5E00211793 /* SimpleShoppingMallTests.m */,
				BEAA6FB7242B8D5E00211793 /* Info.plist */,
			);
			path = SimpleShoppingMallTests;
			sourceTree = "<group>";
		};
		BEAA6FBF242B8D5E00211793 /* SimpleShoppingMallUITests */ = {
			isa = PBXGroup;
			children = (
				BEAA6FC0242B8D5E00211793 /* SimpleShoppingMallUITests.m */,
				BEAA6FC2242B8D5E00211793 /* Info.plist */,
			);
			path = SimpleShoppingMallUITests;
			sourceTree = "<group>";
		};
		BEAA6FD1242B99D500211793 /* Movie */ = {
			isa = PBXGroup;
			children = (
				BEAA6FCE242B96FC00211793 /* MovieViewController.h */,
				BEAA6FCF242B96FC00211793 /* MovieViewController.m */,
			);
			path = Movie;
			sourceTree = "<group>";
		};
		BEAA6FD2242B9B4300211793 /* Network */ = {
			isa = PBXGroup;
			children = (
				BEAA6FD6242B9C5800211793 /* HttpClientProtocol.h */,
				BEAA6FD3242B9B7200211793 /* HttpClient.h */,
				BEAA6FD4242B9B7200211793 /* HttpClient.m */,
			);
			path = Network;
			sourceTree = "<group>";
		};
/* End PBXGroup section */

/* Begin PBXNativeTarget section */
		BEAA6F92242B8D5B00211793 /* SimpleShoppingMall */ = {
			isa = PBXNativeTarget;
			buildConfigurationList = BEAA6FC5242B8D5E00211793 /* Build configuration list for PBXNativeTarget "SimpleShoppingMall" */;
			buildPhases = (
				1DE313627703211ED6540FDC /* [CP] Check Pods Manifest.lock */,
				BEAA6F8F242B8D5B00211793 /* Sources */,
				BEAA6F90242B8D5B00211793 /* Frameworks */,
				BEAA6F91242B8D5B00211793 /* Resources */,
				6320F85EBBE7CBC83EF6E444 /* [CP] Embed Pods Frameworks */,
			);
			buildRules = (
			);
			dependencies = (
			);
			name = SimpleShoppingMall;
			productName = SimpleShoppingMall;
			productReference = BEAA6F93242B8D5B00211793 /* SimpleShoppingMall.app */;
			productType = "com.apple.product-type.application";
		};
		BEAA6FB0242B8D5E00211793 /* SimpleShoppingMallTests */ = {
			isa = PBXNativeTarget;
			buildConfigurationList = BEAA6FC8242B8D5E00211793 /* Build configuration list for PBXNativeTarget "SimpleShoppingMallTests" */;
			buildPhases = (
				424B3C9D4A58E0E5E0B0EB42 /* [CP] Check Pods Manifest.lock */,
				BEAA6FAD242B8D5E00211793 /* Sources */,
				BEAA6FAE242B8D5E00211793 /* Frameworks */,
				BEAA6FAF242B8D5E00211793 /* Resources */,
				651BFBAACC0F59494C0BD8BC /* [CP] Embed Pods Frameworks */,
			);
			buildRules = (
			);
			dependencies = (
				BEAA6FB3242B8D5E00211793 /* PBXTargetDependency */,
			);
			name = SimpleShoppingMallTests;
			productName = SimpleShoppingMallTests;
			productReference = BEAA6FB1242B8D5E00211793 /* SimpleShoppingMallTests.xctest */;
			productType = "com.apple.product-type.bundle.unit-test";
		};
		BEAA6FBB242B8D5E00211793 /* SimpleShoppingMallUITests */ = {
			isa = PBXNativeTarget;
			buildConfigurationList = BEAA6FCB242B8D5E00211793 /* Build configuration list for PBXNativeTarget "SimpleShoppingMallUITests" */;
			buildPhases = (
				639696C207762CC26DAE58B5 /* [CP] Check Pods Manifest.lock */,
				BEAA6FB8242B8D5E00211793 /* Sources */,
				BEAA6FB9242B8D5E00211793 /* Frameworks */,
				BEAA6FBA242B8D5E00211793 /* Resources */,
				A44A43D419B02B0AD099E985 /* [CP] Embed Pods Frameworks */,
			);
			buildRules = (
			);
			dependencies = (
				BEAA6FBE242B8D5E00211793 /* PBXTargetDependency */,
			);
			name = SimpleShoppingMallUITests;
			productName = SimpleShoppingMallUITests;
			productReference = BEAA6FBC242B8D5E00211793 /* SimpleShoppingMallUITests.xctest */;
			productType = "com.apple.product-type.bundle.ui-testing";
		};
/* End PBXNativeTarget section */

/* Begin PBXProject section */
		BEAA6F8B242B8D5B00211793 /* Project object */ = {
			isa = PBXProject;
			attributes = {
				LastUpgradeCheck = 1130;
				ORGANIZATIONNAME = Thoughtworks;
				TargetAttributes = {
					BEAA6F92242B8D5B00211793 = {
						CreatedOnToolsVersion = 11.3.1;
					};
					BEAA6FB0242B8D5E00211793 = {
						CreatedOnToolsVersion = 11.3.1;
						TestTargetID = BEAA6F92242B8D5B00211793;
					};
					BEAA6FBB242B8D5E00211793 = {
						CreatedOnToolsVersion = 11.3.1;
						TestTargetID = BEAA6F92242B8D5B00211793;
					};
				};
			};
			buildConfigurationList = BEAA6F8E242B8D5B00211793 /* Build configuration list for PBXProject "SimpleShoppingMall" */;
			compatibilityVersion = "Xcode 9.3";
			developmentRegion = en;
			hasScannedForEncodings = 0;
			knownRegions = (
				en,
				Base,
			);
			mainGroup = BEAA6F8A242B8D5B00211793;
			productRefGroup = BEAA6F94242B8D5B00211793 /* Products */;
			projectDirPath = "";
			projectRoot = "";
			targets = (
				BEAA6F92242B8D5B00211793 /* SimpleShoppingMall */,
				BEAA6FB0242B8D5E00211793 /* SimpleShoppingMallTests */,
				BEAA6FBB242B8D5E00211793 /* SimpleShoppingMallUITests */,
			);
		};
/* End PBXProject section */

/* Begin PBXResourcesBuildPhase section */
		BEAA6F91242B8D5B00211793 /* Resources */ = {
			isa = PBXResourcesBuildPhase;
			buildActionMask = 2147483647;
			files = (
				BEAA6FA9242B8D5E00211793 /* LaunchScreen.storyboard in Resources */,
				BEAA6FA6242B8D5E00211793 /* Assets.xcassets in Resources */,
				BEAA6FA4242B8D5B00211793 /* Main.storyboard in Resources */,
			);
			runOnlyForDeploymentPostprocessing = 0;
		};
		BEAA6FAF242B8D5E00211793 /* Resources */ = {
			isa = PBXResourcesBuildPhase;
			buildActionMask = 2147483647;
			files = (
			);
			runOnlyForDeploymentPostprocessing = 0;
		};
		BEAA6FBA242B8D5E00211793 /* Resources */ = {
			isa = PBXResourcesBuildPhase;
			buildActionMask = 2147483647;
			files = (
			);
			runOnlyForDeploymentPostprocessing = 0;
		};
/* End PBXResourcesBuildPhase section */

/* Begin PBXShellScriptBuildPhase section */
		1DE313627703211ED6540FDC /* [CP] Check Pods Manifest.lock */ = {
			isa = PBXShellScriptBuildPhase;
			buildActionMask = 2147483647;
			files = (
			);
			inputFileListPaths = (
			);
			inputPaths = (
				"${PODS_PODFILE_DIR_PATH}/Podfile.lock",
				"${PODS_ROOT}/Manifest.lock",
			);
			name = "[CP] Check Pods Manifest.lock";
			outputFileListPaths = (
			);
			outputPaths = (
				"$(DERIVED_FILE_DIR)/Pods-SimpleShoppingMall-checkManifestLockResult.txt",
			);
			runOnlyForDeploymentPostprocessing = 0;
			shellPath = /bin/sh;
			shellScript = "diff \"${PODS_PODFILE_DIR_PATH}/Podfile.lock\" \"${PODS_ROOT}/Manifest.lock\" > /dev/null\nif [ $? != 0 ] ; then\n    # print error to STDERR\n    echo \"error: The sandbox is not in sync with the Podfile.lock. Run 'pod install' or update your CocoaPods installation.\" >&2\n    exit 1\nfi\n# This output is used by Xcode 'outputs' to avoid re-running this script phase.\necho \"SUCCESS\" > \"${SCRIPT_OUTPUT_FILE_0}\"\n";
			showEnvVarsInLog = 0;
		};
		424B3C9D4A58E0E5E0B0EB42 /* [CP] Check Pods Manifest.lock */ = {
			isa = PBXShellScriptBuildPhase;
			buildActionMask = 2147483647;
			files = (
			);
			inputFileListPaths = (
			);
			inputPaths = (
				"${PODS_PODFILE_DIR_PATH}/Podfile.lock",
				"${PODS_ROOT}/Manifest.lock",
			);
			name = "[CP] Check Pods Manifest.lock";
			outputFileListPaths = (
			);
			outputPaths = (
				"$(DERIVED_FILE_DIR)/Pods-SimpleShoppingMallTests-checkManifestLockResult.txt",
			);
			runOnlyForDeploymentPostprocessing = 0;
			shellPath = /bin/sh;
			shellScript = "diff \"${PODS_PODFILE_DIR_PATH}/Podfile.lock\" \"${PODS_ROOT}/Manifest.lock\" > /dev/null\nif [ $? != 0 ] ; then\n    # print error to STDERR\n    echo \"error: The sandbox is not in sync with the Podfile.lock. Run 'pod install' or update your CocoaPods installation.\" >&2\n    exit 1\nfi\n# This output is used by Xcode 'outputs' to avoid re-running this script phase.\necho \"SUCCESS\" > \"${SCRIPT_OUTPUT_FILE_0}\"\n";
			showEnvVarsInLog = 0;
		};
		6320F85EBBE7CBC83EF6E444 /* [CP] Embed Pods Frameworks */ = {
			isa = PBXShellScriptBuildPhase;
			buildActionMask = 2147483647;
			files = (
			);
			inputFileListPaths = (
				"${PODS_ROOT}/Target Support Files/Pods-SimpleShoppingMall/Pods-SimpleShoppingMall-frameworks-${CONFIGURATION}-input-files.xcfilelist",
			);
			name = "[CP] Embed Pods Frameworks";
			outputFileListPaths = (
				"${PODS_ROOT}/Target Support Files/Pods-SimpleShoppingMall/Pods-SimpleShoppingMall-frameworks-${CONFIGURATION}-output-files.xcfilelist",
			);
			runOnlyForDeploymentPostprocessing = 0;
			shellPath = /bin/sh;
			shellScript = "\"${PODS_ROOT}/Target Support Files/Pods-SimpleShoppingMall/Pods-SimpleShoppingMall-frameworks.sh\"\n";
			showEnvVarsInLog = 0;
		};
		639696C207762CC26DAE58B5 /* [CP] Check Pods Manifest.lock */ = {
			isa = PBXShellScriptBuildPhase;
			buildActionMask = 2147483647;
			files = (
			);
			inputFileListPaths = (
			);
			inputPaths = (
				"${PODS_PODFILE_DIR_PATH}/Podfile.lock",
				"${PODS_ROOT}/Manifest.lock",
			);
			name = "[CP] Check Pods Manifest.lock";
			outputFileListPaths = (
			);
			outputPaths = (
				"$(DERIVED_FILE_DIR)/Pods-SimpleShoppingMall-SimpleShoppingMallUITests-checkManifestLockResult.txt",
			);
			runOnlyForDeploymentPostprocessing = 0;
			shellPath = /bin/sh;
			shellScript = "diff \"${PODS_PODFILE_DIR_PATH}/Podfile.lock\" \"${PODS_ROOT}/Manifest.lock\" > /dev/null\nif [ $? != 0 ] ; then\n    # print error to STDERR\n    echo \"error: The sandbox is not in sync with the Podfile.lock. Run 'pod install' or update your CocoaPods installation.\" >&2\n    exit 1\nfi\n# This output is used by Xcode 'outputs' to avoid re-running this script phase.\necho \"SUCCESS\" > \"${SCRIPT_OUTPUT_FILE_0}\"\n";
			showEnvVarsInLog = 0;
		};
		651BFBAACC0F59494C0BD8BC /* [CP] Embed Pods Frameworks */ = {
			isa = PBXShellScriptBuildPhase;
			buildActionMask = 2147483647;
			files = (
			);
			inputFileListPaths = (
				"${PODS_ROOT}/Target Support Files/Pods-SimpleShoppingMallTests/Pods-SimpleShoppingMallTests-frameworks-${CONFIGURATION}-input-files.xcfilelist",
			);
			name = "[CP] Embed Pods Frameworks";
			outputFileListPaths = (
				"${PODS_ROOT}/Target Support Files/Pods-SimpleShoppingMallTests/Pods-SimpleShoppingMallTests-frameworks-${CONFIGURATION}-output-files.xcfilelist",
			);
			runOnlyForDeploymentPostprocessing = 0;
			shellPath = /bin/sh;
			shellScript = "\"${PODS_ROOT}/Target Support Files/Pods-SimpleShoppingMallTests/Pods-SimpleShoppingMallTests-frameworks.sh\"\n";
			showEnvVarsInLog = 0;
		};
		A44A43D419B02B0AD099E985 /* [CP] Embed Pods Frameworks */ = {
			isa = PBXShellScriptBuildPhase;
			buildActionMask = 2147483647;
			files = (
			);
			inputFileListPaths = (
				"${PODS_ROOT}/Target Support Files/Pods-SimpleShoppingMall-SimpleShoppingMallUITests/Pods-SimpleShoppingMall-SimpleShoppingMallUITests-frameworks-${CONFIGURATION}-input-files.xcfilelist",
			);
			name = "[CP] Embed Pods Frameworks";
			outputFileListPaths = (
				"${PODS_ROOT}/Target Support Files/Pods-SimpleShoppingMall-SimpleShoppingMallUITests/Pods-SimpleShoppingMall-SimpleShoppingMallUITests-frameworks-${CONFIGURATION}-output-files.xcfilelist",
			);
			runOnlyForDeploymentPostprocessing = 0;
			shellPath = /bin/sh;
			shellScript = "\"${PODS_ROOT}/Target Support Files/Pods-SimpleShoppingMall-SimpleShoppingMallUITests/Pods-SimpleShoppingMall-SimpleShoppingMallUITests-frameworks.sh\"\n";
			showEnvVarsInLog = 0;
		};
/* End PBXShellScriptBuildPhase section */

/* Begin PBXSourcesBuildPhase section */
		BEAA6F8F242B8D5B00211793 /* Sources */ = {
			isa = PBXSourcesBuildPhase;
			buildActionMask = 2147483647;
			files = (
				BEAA6FD5242B9B7300211793 /* HttpClient.m in Sources */,
				BEAA6FAC242B8D5E00211793 /* main.m in Sources */,
				BEAA6FA1242B8D5B00211793 /* SecondViewController.m in Sources */,
				BEAA6F98242B8D5B00211793 /* AppDelegate.m in Sources */,
				BEAA6FD0242B96FC00211793 /* MovieViewController.m in Sources */,
				BEAA6F9E242B8D5B00211793 /* FirstViewController.m in Sources */,
			);
			runOnlyForDeploymentPostprocessing = 0;
		};
		BEAA6FAD242B8D5E00211793 /* Sources */ = {
			isa = PBXSourcesBuildPhase;
			buildActionMask = 2147483647;
			files = (
				BEAA6FB6242B8D5E00211793 /* SimpleShoppingMallTests.m in Sources */,
			);
			runOnlyForDeploymentPostprocessing = 0;
		};
		BEAA6FB8242B8D5E00211793 /* Sources */ = {
			isa = PBXSourcesBuildPhase;
			buildActionMask = 2147483647;
			files = (
				BEAA6FC1242B8D5E00211793 /* SimpleShoppingMallUITests.m in Sources */,
			);
			runOnlyForDeploymentPostprocessing = 0;
		};
/* End PBXSourcesBuildPhase section */

/* Begin PBXTargetDependency section */
		BEAA6FB3242B8D5E00211793 /* PBXTargetDependency */ = {
			isa = PBXTargetDependency;
			target = BEAA6F92242B8D5B00211793 /* SimpleShoppingMall */;
			targetProxy = BEAA6FB2242B8D5E00211793 /* PBXContainerItemProxy */;
		};
		BEAA6FBE242B8D5E00211793 /* PBXTargetDependency */ = {
			isa = PBXTargetDependency;
			target = BEAA6F92242B8D5B00211793 /* SimpleShoppingMall */;
			targetProxy = BEAA6FBD242B8D5E00211793 /* PBXContainerItemProxy */;
		};
/* End PBXTargetDependency section */

/* Begin PBXVariantGroup section */
		BEAA6FA2242B8D5B00211793 /* Main.storyboard */ = {
			isa = PBXVariantGroup;
			children = (
				BEAA6FA3242B8D5B00211793 /* Base */,
			);
			name = Main.storyboard;
			sourceTree = "<group>";
		};
		BEAA6FA7242B8D5E00211793 /* LaunchScreen.storyboard */ = {
			isa = PBXVariantGroup;
			children = (
				BEAA6FA8242B8D5E00211793 /* Base */,
			);
			name = LaunchScreen.storyboard;
			sourceTree = "<group>";
		};
/* End PBXVariantGroup section */

/* Begin XCBuildConfiguration section */
		BEAA6FC3242B8D5E00211793 /* Debug */ = {
			isa = XCBuildConfiguration;
			buildSettings = {
				ALWAYS_SEARCH_USER_PATHS = NO;
				CLANG_ANALYZER_NONNULL = YES;
				CLANG_ANALYZER_NUMBER_OBJECT_CONVERSION = YES_AGGRESSIVE;
				CLANG_CXX_LANGUAGE_STANDARD = "gnu++14";
				CLANG_CXX_LIBRARY = "libc++";
				CLANG_ENABLE_MODULES = YES;
				CLANG_ENABLE_OBJC_ARC = YES;
				CLANG_ENABLE_OBJC_WEAK = YES;
				CLANG_WARN_BLOCK_CAPTURE_AUTORELEASING = YES;
				CLANG_WARN_BOOL_CONVERSION = YES;
				CLANG_WARN_COMMA = YES;
				CLANG_WARN_CONSTANT_CONVERSION = YES;
				CLANG_WARN_DEPRECATED_OBJC_IMPLEMENTATIONS = YES;
				CLANG_WARN_DIRECT_OBJC_ISA_USAGE = YES_ERROR;
				CLANG_WARN_DOCUMENTATION_COMMENTS = YES;
				CLANG_WARN_EMPTY_BODY = YES;
				CLANG_WARN_ENUM_CONVERSION = YES;
				CLANG_WARN_INFINITE_RECURSION = YES;
				CLANG_WARN_INT_CONVERSION = YES;
				CLANG_WARN_NON_LITERAL_NULL_CONVERSION = YES;
				CLANG_WARN_OBJC_IMPLICIT_RETAIN_SELF = YES;
				CLANG_WARN_OBJC_LITERAL_CONVERSION = YES;
				CLANG_WARN_OBJC_ROOT_CLASS = YES_ERROR;
				CLANG_WARN_RANGE_LOOP_ANALYSIS = YES;
				CLANG_WARN_STRICT_PROTOTYPES = YES;
				CLANG_WARN_SUSPICIOUS_MOVE = YES;
				CLANG_WARN_UNGUARDED_AVAILABILITY = YES_AGGRESSIVE;
				CLANG_WARN_UNREACHABLE_CODE = YES;
				CLANG_WARN__DUPLICATE_METHOD_MATCH = YES;
				COPY_PHASE_STRIP = NO;
				DEBUG_INFORMATION_FORMAT = dwarf;
				ENABLE_STRICT_OBJC_MSGSEND = YES;
				ENABLE_TESTABILITY = YES;
				GCC_C_LANGUAGE_STANDARD = gnu11;
				GCC_DYNAMIC_NO_PIC = NO;
				GCC_NO_COMMON_BLOCKS = YES;
				GCC_OPTIMIZATION_LEVEL = 0;
				GCC_PREPROCESSOR_DEFINITIONS = (
					"DEBUG=1",
					"$(inherited)",
				);
				GCC_WARN_64_TO_32_BIT_CONVERSION = YES;
				GCC_WARN_ABOUT_RETURN_TYPE = YES_ERROR;
				GCC_WARN_UNDECLARED_SELECTOR = YES;
				GCC_WARN_UNINITIALIZED_AUTOS = YES_AGGRESSIVE;
				GCC_WARN_UNUSED_FUNCTION = YES;
				GCC_WARN_UNUSED_VARIABLE = YES;
				IPHONEOS_DEPLOYMENT_TARGET = 13.2;
				MTL_ENABLE_DEBUG_INFO = INCLUDE_SOURCE;
				MTL_FAST_MATH = YES;
				ONLY_ACTIVE_ARCH = YES;
				SDKROOT = iphoneos;
			};
			name = Debug;
		};
		BEAA6FC4242B8D5E00211793 /* Release */ = {
			isa = XCBuildConfiguration;
			buildSettings = {
				ALWAYS_SEARCH_USER_PATHS = NO;
				CLANG_ANALYZER_NONNULL = YES;
				CLANG_ANALYZER_NUMBER_OBJECT_CONVERSION = YES_AGGRESSIVE;
				CLANG_CXX_LANGUAGE_STANDARD = "gnu++14";
				CLANG_CXX_LIBRARY = "libc++";
				CLANG_ENABLE_MODULES = YES;
				CLANG_ENABLE_OBJC_ARC = YES;
				CLANG_ENABLE_OBJC_WEAK = YES;
				CLANG_WARN_BLOCK_CAPTURE_AUTORELEASING = YES;
				CLANG_WARN_BOOL_CONVERSION = YES;
				CLANG_WARN_COMMA = YES;
				CLANG_WARN_CONSTANT_CONVERSION = YES;
				CLANG_WARN_DEPRECATED_OBJC_IMPLEMENTATIONS = YES;
				CLANG_WARN_DIRECT_OBJC_ISA_USAGE = YES_ERROR;
				CLANG_WARN_DOCUMENTATION_COMMENTS = YES;
				CLANG_WARN_EMPTY_BODY = YES;
				CLANG_WARN_ENUM_CONVERSION = YES;
				CLANG_WARN_INFINITE_RECURSION = YES;
				CLANG_WARN_INT_CONVERSION = YES;
				CLANG_WARN_NON_LITERAL_NULL_CONVERSION = YES;
				CLANG_WARN_OBJC_IMPLICIT_RETAIN_SELF = YES;
				CLANG_WARN_OBJC_LITERAL_CONVERSION = YES;
				CLANG_WARN_OBJC_ROOT_CLASS = YES_ERROR;
				CLANG_WARN_RANGE_LOOP_ANALYSIS = YES;
				CLANG_WARN_STRICT_PROTOTYPES = YES;
				CLANG_WARN_SUSPICIOUS_MOVE = YES;
				CLANG_WARN_UNGUARDED_AVAILABILITY = YES_AGGRESSIVE;
				CLANG_WARN_UNREACHABLE_CODE = YES;
				CLANG_WARN__DUPLICATE_METHOD_MATCH = YES;
				COPY_PHASE_STRIP = NO;
				DEBUG_INFORMATION_FORMAT = "dwarf-with-dsym";
				ENABLE_NS_ASSERTIONS = NO;
				ENABLE_STRICT_OBJC_MSGSEND = YES;
				GCC_C_LANGUAGE_STANDARD = gnu11;
				GCC_NO_COMMON_BLOCKS = YES;
				GCC_WARN_64_TO_32_BIT_CONVERSION = YES;
				GCC_WARN_ABOUT_RETURN_TYPE = YES_ERROR;
				GCC_WARN_UNDECLARED_SELECTOR = YES;
				GCC_WARN_UNINITIALIZED_AUTOS = YES_AGGRESSIVE;
				GCC_WARN_UNUSED_FUNCTION = YES;
				GCC_WARN_UNUSED_VARIABLE = YES;
				IPHONEOS_DEPLOYMENT_TARGET = 13.2;
				MTL_ENABLE_DEBUG_INFO = NO;
				MTL_FAST_MATH = YES;
				SDKROOT = iphoneos;
				VALIDATE_PRODUCT = YES;
			};
			name = Release;
		};
		BEAA6FC6242B8D5E00211793 /* Debug */ = {
			isa = XCBuildConfiguration;
			baseConfigurationReference = 2600CFD0E292ECDE3292F231 /* Pods-SimpleShoppingMall.debug.xcconfig */;
			buildSettings = {
				ASSETCATALOG_COMPILER_APPICON_NAME = AppIcon;
				CODE_SIGN_STYLE = Automatic;
				DEVELOPMENT_TEAM = 25EZUPR5QA;
				INFOPLIST_FILE = SimpleShoppingMall/Info.plist;
				LD_RUNPATH_SEARCH_PATHS = (
					"$(inherited)",
					"@executable_path/Frameworks",
				);
				PRODUCT_BUNDLE_IDENTIFIER = com.thoughtworks.learn.SimpleShoppingMall;
				PRODUCT_NAME = "$(TARGET_NAME)";
				TARGETED_DEVICE_FAMILY = "1,2";
			};
			name = Debug;
		};
		BEAA6FC7242B8D5E00211793 /* Release */ = {
			isa = XCBuildConfiguration;
			baseConfigurationReference = 70316C7A51F9322C83C3CF66 /* Pods-SimpleShoppingMall.release.xcconfig */;
			buildSettings = {
				ASSETCATALOG_COMPILER_APPICON_NAME = AppIcon;
				CODE_SIGN_STYLE = Automatic;
				DEVELOPMENT_TEAM = 25EZUPR5QA;
				INFOPLIST_FILE = SimpleShoppingMall/Info.plist;
				LD_RUNPATH_SEARCH_PATHS = (
					"$(inherited)",
					"@executable_path/Frameworks",
				);
				PRODUCT_BUNDLE_IDENTIFIER = com.thoughtworks.learn.SimpleShoppingMall;
				PRODUCT_NAME = "$(TARGET_NAME)";
				TARGETED_DEVICE_FAMILY = "1,2";
			};
			name = Release;
		};
		BEAA6FC9242B8D5E00211793 /* Debug */ = {
			isa = XCBuildConfiguration;
			baseConfigurationReference = 86F973FB80E24240CC836090 /* Pods-SimpleShoppingMallTests.debug.xcconfig */;
			buildSettings = {
				BUNDLE_LOADER = "$(TEST_HOST)";
				CODE_SIGN_STYLE = Automatic;
				DEVELOPMENT_TEAM = 25EZUPR5QA;
				INFOPLIST_FILE = SimpleShoppingMallTests/Info.plist;
				IPHONEOS_DEPLOYMENT_TARGET = 13.2;
				LD_RUNPATH_SEARCH_PATHS = (
					"$(inherited)",
					"@executable_path/Frameworks",
					"@loader_path/Frameworks",
				);
				PRODUCT_BUNDLE_IDENTIFIER = com.thoughtworks.learn.SimpleShoppingMallTests;
				PRODUCT_NAME = "$(TARGET_NAME)";
				TARGETED_DEVICE_FAMILY = "1,2";
				TEST_HOST = "$(BUILT_PRODUCTS_DIR)/SimpleShoppingMall.app/SimpleShoppingMall";
			};
			name = Debug;
		};
		BEAA6FCA242B8D5E00211793 /* Release */ = {
			isa = XCBuildConfiguration;
			baseConfigurationReference = 79431C45FB15DA6ECD3596C4 /* Pods-SimpleShoppingMallTests.release.xcconfig */;
			buildSettings = {
				BUNDLE_LOADER = "$(TEST_HOST)";
				CODE_SIGN_STYLE = Automatic;
				DEVELOPMENT_TEAM = 25EZUPR5QA;
				INFOPLIST_FILE = SimpleShoppingMallTests/Info.plist;
				IPHONEOS_DEPLOYMENT_TARGET = 13.2;
				LD_RUNPATH_SEARCH_PATHS = (
					"$(inherited)",
					"@executable_path/Frameworks",
					"@loader_path/Frameworks",
				);
				PRODUCT_BUNDLE_IDENTIFIER = com.thoughtworks.learn.SimpleShoppingMallTests;
				PRODUCT_NAME = "$(TARGET_NAME)";
				TARGETED_DEVICE_FAMILY = "1,2";
				TEST_HOST = "$(BUILT_PRODUCTS_DIR)/SimpleShoppingMall.app/SimpleShoppingMall";
			};
			name = Release;
		};
		BEAA6FCC242B8D5E00211793 /* Debug */ = {
			isa = XCBuildConfiguration;
			baseConfigurationReference = 62B300AE7F8A4978F7C2E6AC /* Pods-SimpleShoppingMall-SimpleShoppingMallUITests.debug.xcconfig */;
			buildSettings = {
				CODE_SIGN_STYLE = Automatic;
				DEVELOPMENT_TEAM = 25EZUPR5QA;
				INFOPLIST_FILE = SimpleShoppingMallUITests/Info.plist;
				LD_RUNPATH_SEARCH_PATHS = (
					"$(inherited)",
					"@executable_path/Frameworks",
					"@loader_path/Frameworks",
				);
				PRODUCT_BUNDLE_IDENTIFIER = com.thoughtworks.learn.SimpleShoppingMallUITests;
				PRODUCT_NAME = "$(TARGET_NAME)";
				TARGETED_DEVICE_FAMILY = "1,2";
				TEST_TARGET_NAME = SimpleShoppingMall;
			};
			name = Debug;
		};
		BEAA6FCD242B8D5E00211793 /* Release */ = {
			isa = XCBuildConfiguration;
			baseConfigurationReference = 11B39847BC4220612CC5CC10 /* Pods-SimpleShoppingMall-SimpleShoppingMallUITests.release.xcconfig */;
			buildSettings = {
				CODE_SIGN_STYLE = Automatic;
				DEVELOPMENT_TEAM = 25EZUPR5QA;
				INFOPLIST_FILE = SimpleShoppingMallUITests/Info.plist;
				LD_RUNPATH_SEARCH_PATHS = (
					"$(inherited)",
					"@executable_path/Frameworks",
					"@loader_path/Frameworks",
				);
				PRODUCT_BUNDLE_IDENTIFIER = com.thoughtworks.learn.SimpleShoppingMallUITests;
				PRODUCT_NAME = "$(TARGET_NAME)";
				TARGETED_DEVICE_FAMILY = "1,2";
				TEST_TARGET_NAME = SimpleShoppingMall;
			};
			name = Release;
		};
/* End XCBuildConfiguration section */

/* Begin XCConfigurationList section */
		BEAA6F8E242B8D5B00211793 /* Build configuration list for PBXProject "SimpleShoppingMall" */ = {
			isa = XCConfigurationList;
			buildConfigurations = (
				BEAA6FC3242B8D5E00211793 /* Debug */,
				BEAA6FC4242B8D5E00211793 /* Release */,
			);
			defaultConfigurationIsVisible = 0;
			defaultConfigurationName = Release;
		};
		BEAA6FC5242B8D5E00211793 /* Build configuration list for PBXNativeTarget "SimpleShoppingMall" */ = {
			isa = XCConfigurationList;
			buildConfigurations = (
				BEAA6FC6242B8D5E00211793 /* Debug */,
				BEAA6FC7242B8D5E00211793 /* Release */,
			);
			defaultConfigurationIsVisible = 0;
			defaultConfigurationName = Release;
		};
		BEAA6FC8242B8D5E00211793 /* Build configuration list for PBXNativeTarget "SimpleShoppingMallTests" */ = {
			isa = XCConfigurationList;
			buildConfigurations = (
				BEAA6FC9242B8D5E00211793 /* Debug */,
				BEAA6FCA242B8D5E00211793 /* Release */,
			);
			defaultConfigurationIsVisible = 0;
			defaultConfigurationName = Release;
		};
		BEAA6FCB242B8D5E00211793 /* Build configuration list for PBXNativeTarget "SimpleShoppingMallUITests" */ = {
			isa = XCConfigurationList;
			buildConfigurations = (
				BEAA6FCC242B8D5E00211793 /* Debug */,
				BEAA6FCD242B8D5E00211793 /* Release */,
			);
			defaultConfigurationIsVisible = 0;
			defaultConfigurationName = Release;
		};
/* End XCConfigurationList section */
	};
	rootObject = BEAA6F8B242B8D5B00211793 /* Project object */;
}
